
Microsoft Visual Studio Solution File, Format Version 12.00
# Visual Studio Version 17
VisualStudioVersion = 17.3.32825.248
MinimumVisualStudioVersion = 10.0.40219.1
Project("{9A19103F-16F7-4668-BE54-9A1E7A4F7556}") = "TeacherService", "TeacherService\TeacherService.csproj", "{DE834016-0D4B-4855-B480-A33D185B6367}"
EndProject
Project("{E53339B2-1760-4266-BCC7-CA923CBCF16C}") = "docker-compose", "docker-compose.dcproj", "{4422495C-4EE3-45B9-BA6C-D86074104629}"
EndProject
Global
	GlobalSection(SolutionConfigurationPlatforms) = preSolution
		Debug|Any CPU = Debug|Any CPU
		Release|Any CPU = Release|Any CPU
	EndGlobalSection
	GlobalSection(ProjectConfigurationPlatforms) = postSolution
		{DE834016-0D4B-4855-B480-A33D185B6367}.Debug|Any CPU.ActiveCfg = Debug|Any CPU
		{DE834016-0D4B-4855-B480-A33D185B6367}.Debug|Any CPU.Build.0 = Debug|Any CPU
		{DE834016-0D4B-4855-B480-A33D185B6367}.Release|Any CPU.ActiveCfg = Release|Any CPU
		{DE834016-0D4B-4855-B480-A33D185B6367}.Release|Any CPU.Build.0 = Release|Any CPU
		{4422495C-4EE3-45B9-BA6C-D86074104629}.Debug|Any CPU.ActiveCfg = Debug|Any CPU
		{4422495C-4EE3-45B9-BA6C-D86074104629}.Debug|Any CPU.Build.0 = Debug|Any CPU
		{4422495C-4EE3-45B9-BA6C-D86074104629}.Release|Any CPU.ActiveCfg = Release|Any CPU
		{4422495C-4EE3-45B9-BA6C-D86074104629}.Release|Any CPU.Build.0 = Release|Any CPU
	EndGlobalSection
	GlobalSection(SolutionProperties) = preSolution
		HideSolutionNode = FALSE
	EndGlobalSection
	GlobalSection(ExtensibilityGlobals) = postSolution
		SolutionGuid = {10CDBAD4-A627-4CD9-B99F-94E11A863D7B}
	EndGlobalSection
EndGlobal
